
Microsoft Visual Studio Solution File, Format Version 12.00
# Visual Studio Version 16
VisualStudioVersion = 16.0.33027.164
MinimumVisualStudioVersion = 10.0.40219.1
Project("{FAE04EC0-301F-11D3-BF4B-00C04F79EFBC}") = "TestAPITraknus", "TestAPITraknus\TestAPITraknus.csproj", "{A0C2D084-4AE9-4C70-B3A5-7ED67D57685D}"
EndProject
Global
	GlobalSection(SolutionConfigurationPlatforms) = preSolution
		Debug|Any CPU = Debug|Any CPU
		Release|Any CPU = Release|Any CPU
	EndGlobalSection
	GlobalSection(ProjectConfigurationPlatforms) = postSolution
		{A0C2D084-4AE9-4C70-B3A5-7ED67D57685D}.Debug|Any CPU.ActiveCfg = Debug|Any CPU
		{A0C2D084-4AE9-4C70-B3A5-7ED67D57685D}.Debug|Any CPU.Build.0 = Debug|Any CPU
		{A0C2D084-4AE9-4C70-B3A5-7ED67D57685D}.Release|Any CPU.ActiveCfg = Release|Any CPU
		{A0C2D084-4AE9-4C70-B3A5-7ED67D57685D}.Release|Any CPU.Build.0 = Release|Any CPU
	EndGlobalSection
	GlobalSection(SolutionProperties) = preSolution
		HideSolutionNode = FALSE
	EndGlobalSection
	GlobalSection(ExtensibilityGlobals) = postSolution
		SolutionGuid = {4D105A6B-6FCC-4011-A7BB-6F4AD1CFE2F2}
	EndGlobalSection
EndGlobal
